
Microsoft Visual Studio Solution File, Format Version 12.00
# Visual Studio Version 17
VisualStudioVersion = 17.13.35818.85 d17.13
MinimumVisualStudioVersion = 10.0.40219.1
Project("{FAE04EC0-301F-11D3-BF4B-00C04F79EFBC}") = "PaymentCancellationService", "PaymentCancellationService\PaymentCancellationService.csproj", "{418D30BF-6401-42CA-A7BD-354F862C5ADD}"
EndProject
Global
	GlobalSection(SolutionConfigurationPlatforms) = preSolution
		Debug|Any CPU = Debug|Any CPU
		Release|Any CPU = Release|Any CPU
	EndGlobalSection
	GlobalSection(ProjectConfigurationPlatforms) = postSolution
		{418D30BF-6401-42CA-A7BD-354F862C5ADD}.Debug|Any CPU.ActiveCfg = Debug|Any CPU
		{418D30BF-6401-42CA-A7BD-354F862C5ADD}.Debug|Any CPU.Build.0 = Debug|Any CPU
		{418D30BF-6401-42CA-A7BD-354F862C5ADD}.Release|Any CPU.ActiveCfg = Release|Any CPU
		{418D30BF-6401-42CA-A7BD-354F862C5ADD}.Release|Any CPU.Build.0 = Release|Any CPU
	EndGlobalSection
	GlobalSection(SolutionProperties) = preSolution
		HideSolutionNode = FALSE
	EndGlobalSection
	GlobalSection(ExtensibilityGlobals) = postSolution
		SolutionGuid = {7DBCA699-7334-4732-868A-EED544E81178}
	EndGlobalSection
EndGlobal
